
Microsoft Visual Studio Solution File, Format Version 12.00
# Visual Studio Version 17
VisualStudioVersion = 17.14.36121.58 d17.14
MinimumVisualStudioVersion = 10.0.40219.1
Project("{FAE04EC0-301F-11D3-BF4B-00C04F79EFBC}") = "Demo01", "Demo01\Demo01.csproj", "{C28F368A-22BE-40E6-8946-1828C2F4F1ED}"
EndProject
Global
	GlobalSection(SolutionConfigurationPlatforms) = preSolution
		Debug|Any CPU = Debug|Any CPU
		Release|Any CPU = Release|Any CPU
	EndGlobalSection
	GlobalSection(ProjectConfigurationPlatforms) = postSolution
		{C28F368A-22BE-40E6-8946-1828C2F4F1ED}.Debug|Any CPU.ActiveCfg = Debug|Any CPU
		{C28F368A-22BE-40E6-8946-1828C2F4F1ED}.Debug|Any CPU.Build.0 = Debug|Any CPU
		{C28F368A-22BE-40E6-8946-1828C2F4F1ED}.Release|Any CPU.ActiveCfg = Release|Any CPU
		{C28F368A-22BE-40E6-8946-1828C2F4F1ED}.Release|Any CPU.Build.0 = Release|Any CPU
	EndGlobalSection
	GlobalSection(SolutionProperties) = preSolution
		HideSolutionNode = FALSE
	EndGlobalSection
	GlobalSection(ExtensibilityGlobals) = postSolution
		SolutionGuid = {1868C6C5-0385-4E87-A278-5FFC078886DC}
	EndGlobalSection
EndGlobal
